
Microsoft Visual Studio Solution File, Format Version 12.00
# Visual Studio Version 16
VisualStudioVersion = 16.0.30804.86
MinimumVisualStudioVersion = 10.0.40219.1
Project("{FAE04EC0-301F-11D3-BF4B-00C04F79EFBC}") = "Leer Archivo Csv", "Leer Archivo Csv\Leer Archivo Csv.csproj", "{9292C069-5BBB-4998-8F40-F4B9E12CACD5}"
EndProject
Global
	GlobalSection(SolutionConfigurationPlatforms) = preSolution
		Debug|Any CPU = Debug|Any CPU
		Release|Any CPU = Release|Any CPU
	EndGlobalSection
	GlobalSection(ProjectConfigurationPlatforms) = postSolution
		{9292C069-5BBB-4998-8F40-F4B9E12CACD5}.Debug|Any CPU.ActiveCfg = Debug|Any CPU
		{9292C069-5BBB-4998-8F40-F4B9E12CACD5}.Debug|Any CPU.Build.0 = Debug|Any CPU
		{9292C069-5BBB-4998-8F40-F4B9E12CACD5}.Release|Any CPU.ActiveCfg = Release|Any CPU
		{9292C069-5BBB-4998-8F40-F4B9E12CACD5}.Release|Any CPU.Build.0 = Release|Any CPU
	EndGlobalSection
	GlobalSection(SolutionProperties) = preSolution
		HideSolutionNode = FALSE
	EndGlobalSection
	GlobalSection(ExtensibilityGlobals) = postSolution
		SolutionGuid = {32CE41F3-45AB-4F5D-AD61-131B605D636D}
	EndGlobalSection
EndGlobal
