
Microsoft Visual Studio Solution File, Format Version 12.00
# Visual Studio Version 16
VisualStudioVersion = 16.0.30225.117
MinimumVisualStudioVersion = 10.0.40219.1
Project("{FAE04EC0-301F-11D3-BF4B-00C04F79EFBC}") = "09 Serializacion de una cadena de texto", "09 Serializacion de una cadena de texto\09 Serializacion de una cadena de texto.csproj", "{5E60562F-CC9B-4DE1-9FB9-F7DA01178DCA}"
EndProject
Global
	GlobalSection(SolutionConfigurationPlatforms) = preSolution
		Debug|Any CPU = Debug|Any CPU
		Release|Any CPU = Release|Any CPU
	EndGlobalSection
	GlobalSection(ProjectConfigurationPlatforms) = postSolution
		{5E60562F-CC9B-4DE1-9FB9-F7DA01178DCA}.Debug|Any CPU.ActiveCfg = Debug|Any CPU
		{5E60562F-CC9B-4DE1-9FB9-F7DA01178DCA}.Debug|Any CPU.Build.0 = Debug|Any CPU
		{5E60562F-CC9B-4DE1-9FB9-F7DA01178DCA}.Release|Any CPU.ActiveCfg = Release|Any CPU
		{5E60562F-CC9B-4DE1-9FB9-F7DA01178DCA}.Release|Any CPU.Build.0 = Release|Any CPU
	EndGlobalSection
	GlobalSection(SolutionProperties) = preSolution
		HideSolutionNode = FALSE
	EndGlobalSection
	GlobalSection(ExtensibilityGlobals) = postSolution
		SolutionGuid = {FA74212C-5927-4528-B025-8C251A7CEB72}
	EndGlobalSection
EndGlobal
