
Microsoft Visual Studio Solution File, Format Version 12.00
# Visual Studio Version 16
VisualStudioVersion = 16.0.30225.117
MinimumVisualStudioVersion = 10.0.40219.1
Project("{FAE04EC0-301F-11D3-BF4B-00C04F79EFBC}") = "01 Listado clientes", "01 Listado clientes\01 Listado clientes.csproj", "{057D0B10-B3B5-476C-B0A4-2F77B93A52F1}"
EndProject
Global
	GlobalSection(SolutionConfigurationPlatforms) = preSolution
		Debug|Any CPU = Debug|Any CPU
		Release|Any CPU = Release|Any CPU
	EndGlobalSection
	GlobalSection(ProjectConfigurationPlatforms) = postSolution
		{057D0B10-B3B5-476C-B0A4-2F77B93A52F1}.Debug|Any CPU.ActiveCfg = Debug|Any CPU
		{057D0B10-B3B5-476C-B0A4-2F77B93A52F1}.Debug|Any CPU.Build.0 = Debug|Any CPU
		{057D0B10-B3B5-476C-B0A4-2F77B93A52F1}.Release|Any CPU.ActiveCfg = Release|Any CPU
		{057D0B10-B3B5-476C-B0A4-2F77B93A52F1}.Release|Any CPU.Build.0 = Release|Any CPU
	EndGlobalSection
	GlobalSection(SolutionProperties) = preSolution
		HideSolutionNode = FALSE
	EndGlobalSection
	GlobalSection(ExtensibilityGlobals) = postSolution
		SolutionGuid = {FF917B0C-4CBE-44F7-8AD6-5608653B2922}
	EndGlobalSection
EndGlobal
