
Microsoft Visual Studio Solution File, Format Version 12.00
# Visual Studio Version 16
VisualStudioVersion = 16.0.30804.86
MinimumVisualStudioVersion = 10.0.40219.1
Project("{FAE04EC0-301F-11D3-BF4B-00C04F79EFBC}") = "04 Listado de equipos", "04 Listado de equipos\04 Listado de equipos.csproj", "{B7751530-6E6E-4187-BAA6-11B89E0E2FF6}"
EndProject
Global
	GlobalSection(SolutionConfigurationPlatforms) = preSolution
		Debug|Any CPU = Debug|Any CPU
		Release|Any CPU = Release|Any CPU
	EndGlobalSection
	GlobalSection(ProjectConfigurationPlatforms) = postSolution
		{B7751530-6E6E-4187-BAA6-11B89E0E2FF6}.Debug|Any CPU.ActiveCfg = Debug|Any CPU
		{B7751530-6E6E-4187-BAA6-11B89E0E2FF6}.Debug|Any CPU.Build.0 = Debug|Any CPU
		{B7751530-6E6E-4187-BAA6-11B89E0E2FF6}.Release|Any CPU.ActiveCfg = Release|Any CPU
		{B7751530-6E6E-4187-BAA6-11B89E0E2FF6}.Release|Any CPU.Build.0 = Release|Any CPU
	EndGlobalSection
	GlobalSection(SolutionProperties) = preSolution
		HideSolutionNode = FALSE
	EndGlobalSection
	GlobalSection(ExtensibilityGlobals) = postSolution
		SolutionGuid = {8FBD1BB9-7700-4D79-B6B7-84775D6D4F9F}
	EndGlobalSection
EndGlobal
