
Microsoft Visual Studio Solution File, Format Version 12.00
# Visual Studio Version 16
VisualStudioVersion = 16.0.30804.86
MinimumVisualStudioVersion = 10.0.40219.1
Project("{FAE04EC0-301F-11D3-BF4B-00C04F79EFBC}") = "02 Listado clientes usando app config", "02 Listado clientes usando app config\02 Listado clientes usando app config.csproj", "{F36781CD-422D-468D-99B9-81F9F94C630E}"
EndProject
Global
	GlobalSection(SolutionConfigurationPlatforms) = preSolution
		Debug|Any CPU = Debug|Any CPU
		Release|Any CPU = Release|Any CPU
	EndGlobalSection
	GlobalSection(ProjectConfigurationPlatforms) = postSolution
		{F36781CD-422D-468D-99B9-81F9F94C630E}.Debug|Any CPU.ActiveCfg = Debug|Any CPU
		{F36781CD-422D-468D-99B9-81F9F94C630E}.Debug|Any CPU.Build.0 = Debug|Any CPU
		{F36781CD-422D-468D-99B9-81F9F94C630E}.Release|Any CPU.ActiveCfg = Release|Any CPU
		{F36781CD-422D-468D-99B9-81F9F94C630E}.Release|Any CPU.Build.0 = Release|Any CPU
	EndGlobalSection
	GlobalSection(SolutionProperties) = preSolution
		HideSolutionNode = FALSE
	EndGlobalSection
	GlobalSection(ExtensibilityGlobals) = postSolution
		SolutionGuid = {84E3BFF7-9E6B-418B-A497-1BE361A61A1B}
	EndGlobalSection
EndGlobal
