
Microsoft Visual Studio Solution File, Format Version 12.00
# Visual Studio Version 16
VisualStudioVersion = 16.0.30804.86
MinimumVisualStudioVersion = 10.0.40219.1
Project("{FAE04EC0-301F-11D3-BF4B-00C04F79EFBC}") = "Envio de correo electronico", "Envio de correo electronico\Envio de correo electronico.csproj", "{8EC8FEE7-F3C5-4D3F-A050-03FD0A3F3F3E}"
EndProject
Global
	GlobalSection(SolutionConfigurationPlatforms) = preSolution
		Debug|Any CPU = Debug|Any CPU
		Release|Any CPU = Release|Any CPU
	EndGlobalSection
	GlobalSection(ProjectConfigurationPlatforms) = postSolution
		{8EC8FEE7-F3C5-4D3F-A050-03FD0A3F3F3E}.Debug|Any CPU.ActiveCfg = Debug|Any CPU
		{8EC8FEE7-F3C5-4D3F-A050-03FD0A3F3F3E}.Debug|Any CPU.Build.0 = Debug|Any CPU
		{8EC8FEE7-F3C5-4D3F-A050-03FD0A3F3F3E}.Release|Any CPU.ActiveCfg = Release|Any CPU
		{8EC8FEE7-F3C5-4D3F-A050-03FD0A3F3F3E}.Release|Any CPU.Build.0 = Release|Any CPU
	EndGlobalSection
	GlobalSection(SolutionProperties) = preSolution
		HideSolutionNode = FALSE
	EndGlobalSection
	GlobalSection(ExtensibilityGlobals) = postSolution
		SolutionGuid = {38327F81-D1F3-400E-AA47-4F3754A63F06}
	EndGlobalSection
EndGlobal
