
Microsoft Visual Studio Solution File, Format Version 12.00
# Visual Studio Version 16
VisualStudioVersion = 16.0.30225.117
MinimumVisualStudioVersion = 10.0.40219.1
Project("{FAE04EC0-301F-11D3-BF4B-00C04F79EFBC}") = "05 Condicionales - VENTA DE PRODUCTOS", "05 Condicionales - VENTA DE PRODUCTOS\05 Condicionales - VENTA DE PRODUCTOS.csproj", "{AF3E352B-BFE0-4600-920A-5775E64AC30C}"
EndProject
Global
	GlobalSection(SolutionConfigurationPlatforms) = preSolution
		Debug|Any CPU = Debug|Any CPU
		Release|Any CPU = Release|Any CPU
	EndGlobalSection
	GlobalSection(ProjectConfigurationPlatforms) = postSolution
		{AF3E352B-BFE0-4600-920A-5775E64AC30C}.Debug|Any CPU.ActiveCfg = Debug|Any CPU
		{AF3E352B-BFE0-4600-920A-5775E64AC30C}.Debug|Any CPU.Build.0 = Debug|Any CPU
		{AF3E352B-BFE0-4600-920A-5775E64AC30C}.Release|Any CPU.ActiveCfg = Release|Any CPU
		{AF3E352B-BFE0-4600-920A-5775E64AC30C}.Release|Any CPU.Build.0 = Release|Any CPU
	EndGlobalSection
	GlobalSection(SolutionProperties) = preSolution
		HideSolutionNode = FALSE
	EndGlobalSection
	GlobalSection(ExtensibilityGlobals) = postSolution
		SolutionGuid = {C366284E-8C9E-428F-A4FC-C66F7BF14FD1}
	EndGlobalSection
EndGlobal
