
Microsoft Visual Studio Solution File, Format Version 12.00
# Visual Studio Version 16
VisualStudioVersion = 16.0.30804.86
MinimumVisualStudioVersion = 10.0.40219.1
Project("{FAE04EC0-301F-11D3-BF4B-00C04F79EFBC}") = "01 Listado clientes", "01 Listado clientes\01 Listado clientes.csproj", "{A4700CA8-6E5F-4E48-867C-384EBE8571CF}"
EndProject
Global
	GlobalSection(SolutionConfigurationPlatforms) = preSolution
		Debug|Any CPU = Debug|Any CPU
		Release|Any CPU = Release|Any CPU
	EndGlobalSection
	GlobalSection(ProjectConfigurationPlatforms) = postSolution
		{A4700CA8-6E5F-4E48-867C-384EBE8571CF}.Debug|Any CPU.ActiveCfg = Debug|Any CPU
		{A4700CA8-6E5F-4E48-867C-384EBE8571CF}.Debug|Any CPU.Build.0 = Debug|Any CPU
		{A4700CA8-6E5F-4E48-867C-384EBE8571CF}.Release|Any CPU.ActiveCfg = Release|Any CPU
		{A4700CA8-6E5F-4E48-867C-384EBE8571CF}.Release|Any CPU.Build.0 = Release|Any CPU
	EndGlobalSection
	GlobalSection(SolutionProperties) = preSolution
		HideSolutionNode = FALSE
	EndGlobalSection
	GlobalSection(ExtensibilityGlobals) = postSolution
		SolutionGuid = {875A9AC5-8C25-4FDA-A21E-593BC409872A}
	EndGlobalSection
EndGlobal
