
Microsoft Visual Studio Solution File, Format Version 12.00
# Visual Studio Version 16
VisualStudioVersion = 16.0.30225.117
MinimumVisualStudioVersion = 10.0.40219.1
Project("{FAE04EC0-301F-11D3-BF4B-00C04F79EFBC}") = "08 Arraylist Control registro de personal", "08 Arraylist Control registro de personal\08 Arraylist Control registro de personal.csproj", "{8D0678CC-277C-4D6A-9AF4-D3D483331464}"
EndProject
Global
	GlobalSection(SolutionConfigurationPlatforms) = preSolution
		Debug|Any CPU = Debug|Any CPU
		Release|Any CPU = Release|Any CPU
	EndGlobalSection
	GlobalSection(ProjectConfigurationPlatforms) = postSolution
		{8D0678CC-277C-4D6A-9AF4-D3D483331464}.Debug|Any CPU.ActiveCfg = Debug|Any CPU
		{8D0678CC-277C-4D6A-9AF4-D3D483331464}.Debug|Any CPU.Build.0 = Debug|Any CPU
		{8D0678CC-277C-4D6A-9AF4-D3D483331464}.Release|Any CPU.ActiveCfg = Release|Any CPU
		{8D0678CC-277C-4D6A-9AF4-D3D483331464}.Release|Any CPU.Build.0 = Release|Any CPU
	EndGlobalSection
	GlobalSection(SolutionProperties) = preSolution
		HideSolutionNode = FALSE
	EndGlobalSection
	GlobalSection(ExtensibilityGlobals) = postSolution
		SolutionGuid = {6F0FD613-4696-4F7B-9AF0-99A32369CF7A}
	EndGlobalSection
EndGlobal
