
Microsoft Visual Studio Solution File, Format Version 12.00
# Visual Studio Version 16
VisualStudioVersion = 16.0.30804.86
MinimumVisualStudioVersion = 10.0.40219.1
Project("{FAE04EC0-301F-11D3-BF4B-00C04F79EFBC}") = "05 Operaciones de lectura", "05 Operaciones de lectura\05 Operaciones de lectura.csproj", "{27247705-B337-473A-90FD-BFE6246E4701}"
EndProject
Global
	GlobalSection(SolutionConfigurationPlatforms) = preSolution
		Debug|Any CPU = Debug|Any CPU
		Release|Any CPU = Release|Any CPU
	EndGlobalSection
	GlobalSection(ProjectConfigurationPlatforms) = postSolution
		{27247705-B337-473A-90FD-BFE6246E4701}.Debug|Any CPU.ActiveCfg = Debug|Any CPU
		{27247705-B337-473A-90FD-BFE6246E4701}.Debug|Any CPU.Build.0 = Debug|Any CPU
		{27247705-B337-473A-90FD-BFE6246E4701}.Release|Any CPU.ActiveCfg = Release|Any CPU
		{27247705-B337-473A-90FD-BFE6246E4701}.Release|Any CPU.Build.0 = Release|Any CPU
	EndGlobalSection
	GlobalSection(SolutionProperties) = preSolution
		HideSolutionNode = FALSE
	EndGlobalSection
	GlobalSection(ExtensibilityGlobals) = postSolution
		SolutionGuid = {D172F516-EB83-41FE-A694-49F445B0AC1D}
	EndGlobalSection
EndGlobal
