
Microsoft Visual Studio Solution File, Format Version 12.00
# Visual Studio Version 16
VisualStudioVersion = 16.0.30225.117
MinimumVisualStudioVersion = 10.0.40219.1
Project("{FAE04EC0-301F-11D3-BF4B-00C04F79EFBC}") = "03 Uso del IF pago empleados", "03 Uso del IF pago empleados\03 Uso del IF pago empleados.csproj", "{28C5B4C8-9D7E-4BCD-8964-51AF423B0806}"
EndProject
Global
	GlobalSection(SolutionConfigurationPlatforms) = preSolution
		Debug|Any CPU = Debug|Any CPU
		Release|Any CPU = Release|Any CPU
	EndGlobalSection
	GlobalSection(ProjectConfigurationPlatforms) = postSolution
		{28C5B4C8-9D7E-4BCD-8964-51AF423B0806}.Debug|Any CPU.ActiveCfg = Debug|Any CPU
		{28C5B4C8-9D7E-4BCD-8964-51AF423B0806}.Debug|Any CPU.Build.0 = Debug|Any CPU
		{28C5B4C8-9D7E-4BCD-8964-51AF423B0806}.Release|Any CPU.ActiveCfg = Release|Any CPU
		{28C5B4C8-9D7E-4BCD-8964-51AF423B0806}.Release|Any CPU.Build.0 = Release|Any CPU
	EndGlobalSection
	GlobalSection(SolutionProperties) = preSolution
		HideSolutionNode = FALSE
	EndGlobalSection
	GlobalSection(ExtensibilityGlobals) = postSolution
		SolutionGuid = {3310B8CF-1FBA-401A-AC2E-36F401E5432B}
	EndGlobalSection
EndGlobal
