
Microsoft Visual Studio Solution File, Format Version 12.00
# Visual Studio Version 16
VisualStudioVersion = 16.0.30225.117
MinimumVisualStudioVersion = 10.0.40219.1
Project("{FAE04EC0-301F-11D3-BF4B-00C04F79EFBC}") = "04 IF control emision de documentos ejercicio", "04 IF control emision de documentos ejercicio\04 IF control emision de documentos ejercicio.csproj", "{0BF03104-346E-46A9-A399-A6699A34FB65}"
EndProject
Global
	GlobalSection(SolutionConfigurationPlatforms) = preSolution
		Debug|Any CPU = Debug|Any CPU
		Release|Any CPU = Release|Any CPU
	EndGlobalSection
	GlobalSection(ProjectConfigurationPlatforms) = postSolution
		{0BF03104-346E-46A9-A399-A6699A34FB65}.Debug|Any CPU.ActiveCfg = Debug|Any CPU
		{0BF03104-346E-46A9-A399-A6699A34FB65}.Debug|Any CPU.Build.0 = Debug|Any CPU
		{0BF03104-346E-46A9-A399-A6699A34FB65}.Release|Any CPU.ActiveCfg = Release|Any CPU
		{0BF03104-346E-46A9-A399-A6699A34FB65}.Release|Any CPU.Build.0 = Release|Any CPU
	EndGlobalSection
	GlobalSection(SolutionProperties) = preSolution
		HideSolutionNode = FALSE
	EndGlobalSection
	GlobalSection(ExtensibilityGlobals) = postSolution
		SolutionGuid = {3A632B77-6B9C-4C35-9236-6C4916C9F9B2}
	EndGlobalSection
EndGlobal
